// !$*UTF8*$!
{
	archiveVersion = 1;
	classes = {
	};
	objectVersion = 77;
	objects = {

/* Begin PBXBuildFile section */
		073CA6BF2E8CFD3D004516A0 /* ETOS LLM Studio Watch App Watch App.app in Embed Watch Content */ = {isa = PBXBuildFile; fileRef = 073CA6BE2E8CFD3D004516A0 /* ETOS LLM Studio Watch App Watch App.app */; settings = {ATTRIBUTES = (RemoveHeadersOnCopy, ); }; };
		073D1C532E8F55D800E6D9E1 /* Shared.framework in Frameworks */ = {isa = PBXBuildFile; fileRef = 073CA7132E8D083E004516A0 /* Shared.framework */; };
		073D1C542E8F55D800E6D9E1 /* Shared.framework in Embed Frameworks */ = {isa = PBXBuildFile; fileRef = 073CA7132E8D083E004516A0 /* Shared.framework */; settings = {ATTRIBUTES = (CodeSignOnCopy, RemoveHeadersOnCopy, ); }; };
		077294F72E8D0FD5006EF6C2 /* MarkdownUI in Frameworks */ = {isa = PBXBuildFile; productRef = 077294F62E8D0FD5006EF6C2 /* MarkdownUI */; };
/* End PBXBuildFile section */

/* Begin PBXContainerItemProxy section */
		073CA6C02E8CFD3D004516A0 /* PBXContainerItemProxy */ = {
			isa = PBXContainerItemProxy;
			containerPortal = 073CA6B22E8CFD3D004516A0 /* Project object */;
			proxyType = 1;
			remoteGlobalIDString = 073CA6BD2E8CFD3D004516A0;
			remoteInfo = "ETOS LLM Studio Watch App Watch App";
		};
		077E14CA2E939D3500084695 /* PBXContainerItemProxy */ = {
			isa = PBXContainerItemProxy;
			containerPortal = 073CA6B22E8CFD3D004516A0 /* Project object */;
			proxyType = 1;
			remoteGlobalIDString = 073CA6BD2E8CFD3D004516A0;
			remoteInfo = "ETOS LLM Studio Watch App Watch App";
		};
		077E14D72E939D7800084695 /* PBXContainerItemProxy */ = {
			isa = PBXContainerItemProxy;
			containerPortal = 073CA6B22E8CFD3D004516A0 /* Project object */;
			proxyType = 1;
			remoteGlobalIDString = 073CA6BD2E8CFD3D004516A0;
			remoteInfo = "ETOS LLM Studio Watch App Watch App";
		};
/* End PBXContainerItemProxy section */

/* Begin PBXCopyFilesBuildPhase section */
		073CA6CE2E8CFD3F004516A0 /* Embed Watch Content */ = {
			isa = PBXCopyFilesBuildPhase;
			buildActionMask = 2147483647;
			dstPath = "$(CONTENTS_FOLDER_PATH)/Watch";
			dstSubfolderSpec = 16;
			files = (
				073CA6BF2E8CFD3D004516A0 /* ETOS LLM Studio Watch App Watch App.app in Embed Watch Content */,
			);
			name = "Embed Watch Content";
			runOnlyForDeploymentPostprocessing = 0;
		};
		073D1C552E8F55D800E6D9E1 /* Embed Frameworks */ = {
			isa = PBXCopyFilesBuildPhase;
			buildActionMask = 2147483647;
			dstPath = "";
			dstSubfolderSpec = 10;
			files = (
				073D1C542E8F55D800E6D9E1 /* Shared.framework in Embed Frameworks */,
			);
			name = "Embed Frameworks";
			runOnlyForDeploymentPostprocessing = 0;
		};
/* End PBXCopyFilesBuildPhase section */

/* Begin PBXFileReference section */
		073CA6B82E8CFD3D004516A0 /* ETOS LLM Studio Watch App.app */ = {isa = PBXFileReference; explicitFileType = wrapper.application; includeInIndex = 0; path = "ETOS LLM Studio Watch App.app"; sourceTree = BUILT_PRODUCTS_DIR; };
		073CA6BE2E8CFD3D004516A0 /* ETOS LLM Studio Watch App Watch App.app */ = {isa = PBXFileReference; explicitFileType = wrapper.application; includeInIndex = 0; path = "ETOS LLM Studio Watch App Watch App.app"; sourceTree = BUILT_PRODUCTS_DIR; };
		073CA7132E8D083E004516A0 /* Shared.framework */ = {isa = PBXFileReference; explicitFileType = wrapper.framework; path = Shared.framework; sourceTree = BUILT_PRODUCTS_DIR; };
		077E14C42E939D3500084695 /* UITest.xctest */ = {isa = PBXFileReference; explicitFileType = wrapper.cfbundle; includeInIndex = 0; path = UITest.xctest; sourceTree = BUILT_PRODUCTS_DIR; };
		077E14D32E939D7800084695 /* watchOSTest.xctest */ = {isa = PBXFileReference; explicitFileType = wrapper.cfbundle; includeInIndex = 0; path = watchOSTest.xctest; sourceTree = BUILT_PRODUCTS_DIR; };
/* End PBXFileReference section */

/* Begin PBXFileSystemSynchronizedRootGroup section */
		073CA6C22E8CFD3D004516A0 /* ETOS LLM Studio Watch App Watch App */ = {
			isa = PBXFileSystemSynchronizedRootGroup;
			path = "ETOS LLM Studio Watch App Watch App";
			sourceTree = "<group>";
		};
		077E14C52E939D3500084695 /* UITest */ = {
			isa = PBXFileSystemSynchronizedRootGroup;
			path = UITest;
			sourceTree = "<group>";
		};
		077E14D42E939D7800084695 /* watchOSTest */ = {
			isa = PBXFileSystemSynchronizedRootGroup;
			path = watchOSTest;
			sourceTree = "<group>";
		};
/* End PBXFileSystemSynchronizedRootGroup section */

/* Begin PBXFrameworksBuildPhase section */
		073CA6BB2E8CFD3D004516A0 /* Frameworks */ = {
			isa = PBXFrameworksBuildPhase;
			buildActionMask = 2147483647;
			files = (
				077294F72E8D0FD5006EF6C2 /* MarkdownUI in Frameworks */,
				073D1C532E8F55D800E6D9E1 /* Shared.framework in Frameworks */,
			);
			runOnlyForDeploymentPostprocessing = 0;
		};
		077E14C12E939D3500084695 /* Frameworks */ = {
			isa = PBXFrameworksBuildPhase;
			buildActionMask = 2147483647;
			files = (
			);
			runOnlyForDeploymentPostprocessing = 0;
		};
		077E14D02E939D7800084695 /* Frameworks */ = {
			isa = PBXFrameworksBuildPhase;
			buildActionMask = 2147483647;
			files = (
			);
			runOnlyForDeploymentPostprocessing = 0;
		};
/* End PBXFrameworksBuildPhase section */

/* Begin PBXGroup section */
		073CA6B12E8CFD3D004516A0 = {
			isa = PBXGroup;
			children = (
				073CA6C22E8CFD3D004516A0 /* ETOS LLM Studio Watch App Watch App */,
				077E14C52E939D3500084695 /* UITest */,
				077E14D42E939D7800084695 /* watchOSTest */,
				073CA7122E8D083E004516A0 /* Frameworks */,
				073CA6B92E8CFD3D004516A0 /* Products */,
			);
			sourceTree = "<group>";
		};
		073CA6B92E8CFD3D004516A0 /* Products */ = {
			isa = PBXGroup;
			children = (
				073CA6B82E8CFD3D004516A0 /* ETOS LLM Studio Watch App.app */,
				073CA6BE2E8CFD3D004516A0 /* ETOS LLM Studio Watch App Watch App.app */,
				077E14C42E939D3500084695 /* UITest.xctest */,
				077E14D32E939D7800084695 /* watchOSTest.xctest */,
			);
			name = Products;
			sourceTree = "<group>";
		};
		073CA7122E8D083E004516A0 /* Frameworks */ = {
			isa = PBXGroup;
			children = (
				073CA7132E8D083E004516A0 /* Shared.framework */,
			);
			name = Frameworks;
			sourceTree = "<group>";
		};
/* End PBXGroup section */

/* Begin PBXNativeTarget section */
		073CA6B72E8CFD3D004516A0 /* ETOS LLM Studio Watch App */ = {
			isa = PBXNativeTarget;
			buildConfigurationList = 073CA6CF2E8CFD3F004516A0 /* Build configuration list for PBXNativeTarget "ETOS LLM Studio Watch App" */;
			buildPhases = (
				073CA6B62E8CFD3D004516A0 /* Resources */,
				073CA6CE2E8CFD3F004516A0 /* Embed Watch Content */,
			);
			buildRules = (
			);
			dependencies = (
				073CA6C12E8CFD3D004516A0 /* PBXTargetDependency */,
			);
			name = "ETOS LLM Studio Watch App";
			packageProductDependencies = (
			);
			productName = "ETOS LLM Studio Watch App";
			productReference = 073CA6B82E8CFD3D004516A0 /* ETOS LLM Studio Watch App.app */;
			productType = "com.apple.product-type.application.watchapp2-container";
		};
		073CA6BD2E8CFD3D004516A0 /* ETOS LLM Studio Watch App Watch App */ = {
			isa = PBXNativeTarget;
			buildConfigurationList = 073CA6CB2E8CFD3F004516A0 /* Build configuration list for PBXNativeTarget "ETOS LLM Studio Watch App Watch App" */;
			buildPhases = (
				073CA6BA2E8CFD3D004516A0 /* Sources */,
				079B40282EBCA6020092F002 /* ShellScript */,
				073CA6BB2E8CFD3D004516A0 /* Frameworks */,
				073CA6BC2E8CFD3D004516A0 /* Resources */,
				073D1C552E8F55D800E6D9E1 /* Embed Frameworks */,
			);
			buildRules = (
			);
			dependencies = (
			);
			fileSystemSynchronizedGroups = (
				073CA6C22E8CFD3D004516A0 /* ETOS LLM Studio Watch App Watch App */,
			);
			name = "ETOS LLM Studio Watch App Watch App";
			packageProductDependencies = (
				077294F62E8D0FD5006EF6C2 /* MarkdownUI */,
			);
			productName = "ETOS LLM Studio Watch App Watch App";
			productReference = 073CA6BE2E8CFD3D004516A0 /* ETOS LLM Studio Watch App Watch App.app */;
			productType = "com.apple.product-type.application";
		};
		077E14C32E939D3500084695 /* UITest */ = {
			isa = PBXNativeTarget;
			buildConfigurationList = 077E14CE2E939D3500084695 /* Build configuration list for PBXNativeTarget "UITest" */;
			buildPhases = (
				077E14C02E939D3500084695 /* Sources */,
				077E14C12E939D3500084695 /* Frameworks */,
				077E14C22E939D3500084695 /* Resources */,
			);
			buildRules = (
			);
			dependencies = (
				077E14CB2E939D3500084695 /* PBXTargetDependency */,
			);
			fileSystemSynchronizedGroups = (
				077E14C52E939D3500084695 /* UITest */,
			);
			name = UITest;
			packageProductDependencies = (
			);
			productName = UITest;
			productReference = 077E14C42E939D3500084695 /* UITest.xctest */;
			productType = "com.apple.product-type.bundle.ui-testing";
		};
		077E14D22E939D7800084695 /* watchOSTest */ = {
			isa = PBXNativeTarget;
			buildConfigurationList = 077E14D92E939D7800084695 /* Build configuration list for PBXNativeTarget "watchOSTest" */;
			buildPhases = (
				077E14CF2E939D7800084695 /* Sources */,
				077E14D02E939D7800084695 /* Frameworks */,
				077E14D12E939D7800084695 /* Resources */,
			);
			buildRules = (
			);
			dependencies = (
				077E14D82E939D7800084695 /* PBXTargetDependency */,
			);
			fileSystemSynchronizedGroups = (
				077E14D42E939D7800084695 /* watchOSTest */,
			);
			name = watchOSTest;
			packageProductDependencies = (
			);
			productName = watchOSTest;
			productReference = 077E14D32E939D7800084695 /* watchOSTest.xctest */;
			productType = "com.apple.product-type.bundle.unit-test";
		};
/* End PBXNativeTarget section */

/* Begin PBXProject section */
		073CA6B22E8CFD3D004516A0 /* Project object */ = {
			isa = PBXProject;
			attributes = {
				BuildIndependentTargetsInParallel = 1;
				LastSwiftUpdateCheck = 2600;
				LastUpgradeCheck = 2620;
				TargetAttributes = {
					073CA6B72E8CFD3D004516A0 = {
						CreatedOnToolsVersion = 26.0.1;
					};
					073CA6BD2E8CFD3D004516A0 = {
						CreatedOnToolsVersion = 26.0.1;
					};
					077E14C32E939D3500084695 = {
						CreatedOnToolsVersion = 26.0.1;
						TestTargetID = 073CA6BD2E8CFD3D004516A0;
					};
					077E14D22E939D7800084695 = {
						CreatedOnToolsVersion = 26.0.1;
						TestTargetID = 073CA6BD2E8CFD3D004516A0;
					};
				};
			};
			buildConfigurationList = 073CA6B52E8CFD3D004516A0 /* Build configuration list for PBXProject "ETOS LLM Studio Watch App" */;
			developmentRegion = en;
			hasScannedForEncodings = 0;
			knownRegions = (
				en,
				Base,
				"zh-Hant-HK",
				"zh-Hans",
				ja,
			);
			mainGroup = 073CA6B12E8CFD3D004516A0;
			minimizedProjectReferenceProxies = 1;
			packageReferences = (
				077294F52E8D0FD5006EF6C2 /* XCRemoteSwiftPackageReference "swift-markdown-ui" */,
			);
			preferredProjectObjectVersion = 77;
			productRefGroup = 073CA6B92E8CFD3D004516A0 /* Products */;
			projectDirPath = "";
			projectRoot = "";
			targets = (
				073CA6B72E8CFD3D004516A0 /* ETOS LLM Studio Watch App */,
				073CA6BD2E8CFD3D004516A0 /* ETOS LLM Studio Watch App Watch App */,
				077E14C32E939D3500084695 /* UITest */,
				077E14D22E939D7800084695 /* watchOSTest */,
			);
		};
/* End PBXProject section */

/* Begin PBXResourcesBuildPhase section */
		073CA6B62E8CFD3D004516A0 /* Resources */ = {
			isa = PBXResourcesBuildPhase;
			buildActionMask = 2147483647;
			files = (
			);
			runOnlyForDeploymentPostprocessing = 0;
		};
		073CA6BC2E8CFD3D004516A0 /* Resources */ = {
			isa = PBXResourcesBuildPhase;
			buildActionMask = 2147483647;
			files = (
			);
			runOnlyForDeploymentPostprocessing = 0;
		};
		077E14C22E939D3500084695 /* Resources */ = {
			isa = PBXResourcesBuildPhase;
			buildActionMask = 2147483647;
			files = (
			);
			runOnlyForDeploymentPostprocessing = 0;
		};
		077E14D12E939D7800084695 /* Resources */ = {
			isa = PBXResourcesBuildPhase;
			buildActionMask = 2147483647;
			files = (
			);
			runOnlyForDeploymentPostprocessing = 0;
		};
/* End PBXResourcesBuildPhase section */

/* Begin PBXShellScriptBuildPhase section */
		079B40282EBCA6020092F002 /* ShellScript */ = {
			isa = PBXShellScriptBuildPhase;
			alwaysOutOfDate = 1;
			buildActionMask = 2147483647;
			files = (
			);
			inputFileListPaths = (
			);
			inputPaths = (
			);
			outputFileListPaths = (
			);
			outputPaths = (
			);
			runOnlyForDeploymentPostprocessing = 0;
			shellPath = /bin/sh;
			shellScript = "# Type a script or drag a script file from your workspace to insert its path.\nif [[ \"${ENABLE_AGVTOOL}\" == \"1\" ]]; then\n    xcrun agvtool next-version -all\nfi\n";
		};
/* End PBXShellScriptBuildPhase section */

/* Begin PBXSourcesBuildPhase section */
		073CA6BA2E8CFD3D004516A0 /* Sources */ = {
			isa = PBXSourcesBuildPhase;
			buildActionMask = 2147483647;
			files = (
			);
			runOnlyForDeploymentPostprocessing = 0;
		};
		077E14C02E939D3500084695 /* Sources */ = {
			isa = PBXSourcesBuildPhase;
			buildActionMask = 2147483647;
			files = (
			);
			runOnlyForDeploymentPostprocessing = 0;
		};
		077E14CF2E939D7800084695 /* Sources */ = {
			isa = PBXSourcesBuildPhase;
			buildActionMask = 2147483647;
			files = (
			);
			runOnlyForDeploymentPostprocessing = 0;
		};
/* End PBXSourcesBuildPhase section */

/* Begin PBXTargetDependency section */
		073CA6C12E8CFD3D004516A0 /* PBXTargetDependency */ = {
			isa = PBXTargetDependency;
			target = 073CA6BD2E8CFD3D004516A0 /* ETOS LLM Studio Watch App Watch App */;
			targetProxy = 073CA6C02E8CFD3D004516A0 /* PBXContainerItemProxy */;
		};
		077E14CB2E939D3500084695 /* PBXTargetDependency */ = {
			isa = PBXTargetDependency;
			target = 073CA6BD2E8CFD3D004516A0 /* ETOS LLM Studio Watch App Watch App */;
			targetProxy = 077E14CA2E939D3500084695 /* PBXContainerItemProxy */;
		};
		077E14D82E939D7800084695 /* PBXTargetDependency */ = {
			isa = PBXTargetDependency;
			target = 073CA6BD2E8CFD3D004516A0 /* ETOS LLM Studio Watch App Watch App */;
			targetProxy = 077E14D72E939D7800084695 /* PBXContainerItemProxy */;
		};
/* End PBXTargetDependency section */

/* Begin XCBuildConfiguration section */
		073CA6C92E8CFD3F004516A0 /* Debug */ = {
			isa = XCBuildConfiguration;
			buildSettings = {
				ALWAYS_SEARCH_USER_PATHS = NO;
				ASSETCATALOG_COMPILER_GENERATE_SWIFT_ASSET_SYMBOL_EXTENSIONS = YES;
				CLANG_ANALYZER_LOCALIZABILITY_NONLOCALIZED = YES;
				CLANG_ANALYZER_NONNULL = YES;
				CLANG_ANALYZER_NUMBER_OBJECT_CONVERSION = YES_AGGRESSIVE;
				CLANG_CXX_LANGUAGE_STANDARD = "gnu++20";
				CLANG_ENABLE_MODULES = YES;
				CLANG_ENABLE_OBJC_ARC = YES;
				CLANG_ENABLE_OBJC_WEAK = YES;
				CLANG_WARN_BLOCK_CAPTURE_AUTORELEASING = YES;
				CLANG_WARN_BOOL_CONVERSION = YES;
				CLANG_WARN_COMMA = YES;
				CLANG_WARN_CONSTANT_CONVERSION = YES;
				CLANG_WARN_DEPRECATED_OBJC_IMPLEMENTATIONS = YES;
				CLANG_WARN_DIRECT_OBJC_ISA_USAGE = YES_ERROR;
				CLANG_WARN_DOCUMENTATION_COMMENTS = YES;
				CLANG_WARN_EMPTY_BODY = YES;
				CLANG_WARN_ENUM_CONVERSION = YES;
				CLANG_WARN_INFINITE_RECURSION = YES;
				CLANG_WARN_INT_CONVERSION = YES;
				CLANG_WARN_NON_LITERAL_NULL_CONVERSION = YES;
				CLANG_WARN_OBJC_IMPLICIT_RETAIN_SELF = YES;
				CLANG_WARN_OBJC_LITERAL_CONVERSION = YES;
				CLANG_WARN_OBJC_ROOT_CLASS = YES_ERROR;
				CLANG_WARN_QUOTED_INCLUDE_IN_FRAMEWORK_HEADER = YES;
				CLANG_WARN_RANGE_LOOP_ANALYSIS = YES;
				CLANG_WARN_STRICT_PROTOTYPES = YES;
				CLANG_WARN_SUSPICIOUS_MOVE = YES;
				CLANG_WARN_UNGUARDED_AVAILABILITY = YES_AGGRESSIVE;
				CLANG_WARN_UNREACHABLE_CODE = YES;
				CLANG_WARN__DUPLICATE_METHOD_MATCH = YES;
				COPY_PHASE_STRIP = NO;
				DEAD_CODE_STRIPPING = YES;
				DEBUG_INFORMATION_FORMAT = dwarf;
				DEVELOPMENT_TEAM = K9LDK6LF4H;
				ENABLE_STRICT_OBJC_MSGSEND = YES;
				ENABLE_TESTABILITY = YES;
				ENABLE_USER_SCRIPT_SANDBOXING = YES;
				GCC_C_LANGUAGE_STANDARD = gnu17;
				GCC_DYNAMIC_NO_PIC = NO;
				GCC_NO_COMMON_BLOCKS = YES;
				GCC_OPTIMIZATION_LEVEL = 0;
				GCC_PREPROCESSOR_DEFINITIONS = (
					"DEBUG=1",
					"$(inherited)",
				);
				GCC_WARN_64_TO_32_BIT_CONVERSION = YES;
				GCC_WARN_ABOUT_RETURN_TYPE = YES_ERROR;
				GCC_WARN_UNDECLARED_SELECTOR = YES;
				GCC_WARN_UNINITIALIZED_AUTOS = YES_AGGRESSIVE;
				GCC_WARN_UNUSED_FUNCTION = YES;
				GCC_WARN_UNUSED_VARIABLE = YES;
				LOCALIZATION_PREFERS_STRING_CATALOGS = YES;
				MTL_ENABLE_DEBUG_INFO = INCLUDE_SOURCE;
				MTL_FAST_MATH = YES;
				ONLY_ACTIVE_ARCH = YES;
				STRING_CATALOG_GENERATE_SYMBOLS = YES;
				SWIFT_ACTIVE_COMPILATION_CONDITIONS = "DEBUG $(inherited)";
				SWIFT_OPTIMIZATION_LEVEL = "-Onone";
				VERSIONING_SYSTEM = "apple-generic";
			};
			name = Debug;
		};
		073CA6CA2E8CFD3F004516A0 /* Release */ = {
			isa = XCBuildConfiguration;
			buildSettings = {
				ALWAYS_SEARCH_USER_PATHS = NO;
				ASSETCATALOG_COMPILER_GENERATE_SWIFT_ASSET_SYMBOL_EXTENSIONS = YES;
				CLANG_ANALYZER_LOCALIZABILITY_NONLOCALIZED = YES;
				CLANG_ANALYZER_NONNULL = YES;
				CLANG_ANALYZER_NUMBER_OBJECT_CONVERSION = YES_AGGRESSIVE;
				CLANG_CXX_LANGUAGE_STANDARD = "gnu++20";
				CLANG_ENABLE_MODULES = YES;
				CLANG_ENABLE_OBJC_ARC = YES;
				CLANG_ENABLE_OBJC_WEAK = YES;
				CLANG_WARN_BLOCK_CAPTURE_AUTORELEASING = YES;
				CLANG_WARN_BOOL_CONVERSION = YES;
				CLANG_WARN_COMMA = YES;
				CLANG_WARN_CONSTANT_CONVERSION = YES;
				CLANG_WARN_DEPRECATED_OBJC_IMPLEMENTATIONS = YES;
				CLANG_WARN_DIRECT_OBJC_ISA_USAGE = YES_ERROR;
				CLANG_WARN_DOCUMENTATION_COMMENTS = YES;
				CLANG_WARN_EMPTY_BODY = YES;
				CLANG_WARN_ENUM_CONVERSION = YES;
				CLANG_WARN_INFINITE_RECURSION = YES;
				CLANG_WARN_INT_CONVERSION = YES;
				CLANG_WARN_NON_LITERAL_NULL_CONVERSION = YES;
				CLANG_WARN_OBJC_IMPLICIT_RETAIN_SELF = YES;
				CLANG_WARN_OBJC_LITERAL_CONVERSION = YES;
				CLANG_WARN_OBJC_ROOT_CLASS = YES_ERROR;
				CLANG_WARN_QUOTED_INCLUDE_IN_FRAMEWORK_HEADER = YES;
				CLANG_WARN_RANGE_LOOP_ANALYSIS = YES;
				CLANG_WARN_STRICT_PROTOTYPES = YES;
				CLANG_WARN_SUSPICIOUS_MOVE = YES;
				CLANG_WARN_UNGUARDED_AVAILABILITY = YES_AGGRESSIVE;
				CLANG_WARN_UNREACHABLE_CODE = YES;
				CLANG_WARN__DUPLICATE_METHOD_MATCH = YES;
				COPY_PHASE_STRIP = NO;
				DEAD_CODE_STRIPPING = YES;
				DEBUG_INFORMATION_FORMAT = "dwarf-with-dsym";
				DEVELOPMENT_TEAM = K9LDK6LF4H;
				ENABLE_NS_ASSERTIONS = NO;
				ENABLE_STRICT_OBJC_MSGSEND = YES;
				ENABLE_USER_SCRIPT_SANDBOXING = YES;
				GCC_C_LANGUAGE_STANDARD = gnu17;
				GCC_NO_COMMON_BLOCKS = YES;
				GCC_WARN_64_TO_32_BIT_CONVERSION = YES;
				GCC_WARN_ABOUT_RETURN_TYPE = YES_ERROR;
				GCC_WARN_UNDECLARED_SELECTOR = YES;
				GCC_WARN_UNINITIALIZED_AUTOS = YES_AGGRESSIVE;
				GCC_WARN_UNUSED_FUNCTION = YES;
				GCC_WARN_UNUSED_VARIABLE = YES;
				LOCALIZATION_PREFERS_STRING_CATALOGS = YES;
				MTL_ENABLE_DEBUG_INFO = NO;
				MTL_FAST_MATH = YES;
				STRING_CATALOG_GENERATE_SYMBOLS = YES;
				SWIFT_COMPILATION_MODE = wholemodule;
				VERSIONING_SYSTEM = "apple-generic";
			};
			name = Release;
		};
		073CA6CC2E8CFD3F004516A0 /* Debug */ = {
			isa = XCBuildConfiguration;
			buildSettings = {
				ASSETCATALOG_COMPILER_APPICON_NAME = AppIcon;
				ASSETCATALOG_COMPILER_GLOBAL_ACCENT_COLOR_NAME = AccentColor;
				CODE_SIGN_ENTITLEMENTS = "ETOS LLM Studio Watch App Watch App/ETOS LLM Studio Watch App Watch App.entitlements";
				CODE_SIGN_IDENTITY = "Apple Development";
				CODE_SIGN_STYLE = Automatic;
				CURRENT_PROJECT_VERSION = 17;
				DEVELOPMENT_TEAM = K9LDK6LF4H;
				ENABLE_PREVIEWS = YES;
				GENERATE_INFOPLIST_FILE = YES;
				INFOPLIST_KEY_CFBundleDisplayName = "ETOS LLM Studio";
				INFOPLIST_KEY_ITSAppUsesNonExemptEncryption = NO;
				"INFOPLIST_KEY_NSBonjourServices[sdk=*]" = "_http._tcp _ws._tcp";
				INFOPLIST_KEY_NSLocalNetworkUsageDescription = "需要访问本地网络以连接到调试服务器,用于配置管理和文件传输";
				INFOPLIST_KEY_NSMicrophoneUsageDescription = "语音输入需要访问麦克风";
				INFOPLIST_KEY_UISupportedInterfaceOrientations = "UIInterfaceOrientationPortrait UIInterfaceOrientationPortraitUpsideDown";
				INFOPLIST_KEY_WKWatchOnly = YES;
				LD_RUNPATH_SEARCH_PATHS = (
					"$(inherited)",
					"@executable_path/Frameworks",
				);
				MARKETING_VERSION = 1.0;
				PRODUCT_BUNDLE_IDENTIFIER = com.ericterminal.els.watchkitapp;
				PRODUCT_NAME = "$(TARGET_NAME)";
				PROVISIONING_PROFILE_SPECIFIER = "";
				SDKROOT = watchos;
				SKIP_INSTALL = YES;
				STRING_CATALOG_GENERATE_SYMBOLS = YES;
				SWIFT_APPROACHABLE_CONCURRENCY = YES;
				SWIFT_DEFAULT_ACTOR_ISOLATION = MainActor;
				SWIFT_EMIT_LOC_STRINGS = YES;
				SWIFT_UPCOMING_FEATURE_MEMBER_IMPORT_VISIBILITY = YES;
				SWIFT_VERSION = 5.0;
				TARGETED_DEVICE_FAMILY = 4;
				VERSIONING_SYSTEM = "apple-generic";
				WATCHOS_DEPLOYMENT_TARGET = 10.0;
			};
			name = Debug;
		};
		073CA6CD2E8CFD3F004516A0 /* Release */ = {
			isa = XCBuildConfiguration;
			buildSettings = {
				ASSETCATALOG_COMPILER_APPICON_NAME = AppIcon;
				ASSETCATALOG_COMPILER_GLOBAL_ACCENT_COLOR_NAME = AccentColor;
				CODE_SIGN_ENTITLEMENTS = "ETOS LLM Studio Watch App Watch App/ETOS LLM Studio Watch App Watch App.entitlements";
				CODE_SIGN_IDENTITY = "Apple Development";
				CODE_SIGN_STYLE = Automatic;
				CURRENT_PROJECT_VERSION = 17;
				DEVELOPMENT_TEAM = K9LDK6LF4H;
				ENABLE_PREVIEWS = YES;
				GENERATE_INFOPLIST_FILE = YES;
				INFOPLIST_KEY_CFBundleDisplayName = "ETOS LLM Studio";
				INFOPLIST_KEY_ITSAppUsesNonExemptEncryption = NO;
				"INFOPLIST_KEY_NSBonjourServices[sdk=*]" = "_http._tcp _ws._tcp";
				INFOPLIST_KEY_NSLocalNetworkUsageDescription = "需要访问本地网络以连接到调试服务器，用于配置管理和文件传输";
				INFOPLIST_KEY_NSMicrophoneUsageDescription = "语音输入需要访问麦克风";
				INFOPLIST_KEY_UISupportedInterfaceOrientations = "UIInterfaceOrientationPortrait UIInterfaceOrientationPortraitUpsideDown";
				INFOPLIST_KEY_WKWatchOnly = YES;
				LD_RUNPATH_SEARCH_PATHS = (
					"$(inherited)",
					"@executable_path/Frameworks",
				);
				MARKETING_VERSION = 1.0;
				PRODUCT_BUNDLE_IDENTIFIER = com.ericterminal.els.watchkitapp;
				PRODUCT_NAME = "$(TARGET_NAME)";
				PROVISIONING_PROFILE_SPECIFIER = "";
				SDKROOT = watchos;
				SKIP_INSTALL = YES;
				STRING_CATALOG_GENERATE_SYMBOLS = YES;
				SWIFT_APPROACHABLE_CONCURRENCY = YES;
				SWIFT_DEFAULT_ACTOR_ISOLATION = MainActor;
				SWIFT_EMIT_LOC_STRINGS = YES;
				SWIFT_UPCOMING_FEATURE_MEMBER_IMPORT_VISIBILITY = YES;
				SWIFT_VERSION = 5.0;
				TARGETED_DEVICE_FAMILY = 4;
				VALIDATE_PRODUCT = YES;
				VERSIONING_SYSTEM = "apple-generic";
				WATCHOS_DEPLOYMENT_TARGET = 10.0;
			};
			name = Release;
		};
		073CA6D02E8CFD3F004516A0 /* Debug */ = {
			isa = XCBuildConfiguration;
			buildSettings = {
				CODE_SIGN_STYLE = Automatic;
				CURRENT_PROJECT_VERSION = 17;
				DEVELOPMENT_TEAM = K9LDK6LF4H;
				INFOPLIST_KEY_CFBundleDisplayName = "ETOS LLM Studio";
				MARKETING_VERSION = 1.0;
				PRODUCT_BUNDLE_IDENTIFIER = com.ericterminal.els;
				PRODUCT_NAME = "$(TARGET_NAME)";
				SDKROOT = iphoneos;
				SWIFT_APPROACHABLE_CONCURRENCY = YES;
				SWIFT_UPCOMING_FEATURE_MEMBER_IMPORT_VISIBILITY = YES;
				SWIFT_VERSION = 5.0;
			};
			name = Debug;
		};
		073CA6D12E8CFD3F004516A0 /* Release */ = {
			isa = XCBuildConfiguration;
			buildSettings = {
				CODE_SIGN_STYLE = Automatic;
				CURRENT_PROJECT_VERSION = 17;
				DEVELOPMENT_TEAM = K9LDK6LF4H;
				INFOPLIST_KEY_CFBundleDisplayName = "ETOS LLM Studio";
				MARKETING_VERSION = 1.0;
				PRODUCT_BUNDLE_IDENTIFIER = com.ericterminal.els;
				PRODUCT_NAME = "$(TARGET_NAME)";
				SDKROOT = iphoneos;
				SWIFT_APPROACHABLE_CONCURRENCY = YES;
				SWIFT_UPCOMING_FEATURE_MEMBER_IMPORT_VISIBILITY = YES;
				SWIFT_VERSION = 5.0;
				VALIDATE_PRODUCT = YES;
			};
			name = Release;
		};
		077E14CC2E939D3500084695 /* Debug */ = {
			isa = XCBuildConfiguration;
			buildSettings = {
				CODE_SIGN_STYLE = Automatic;
				CURRENT_PROJECT_VERSION = 2;
				DEVELOPMENT_TEAM = K9LDK6LF4H;
				GENERATE_INFOPLIST_FILE = YES;
				MARKETING_VERSION = 1.0;
				PRODUCT_BUNDLE_IDENTIFIER = com.etos.UITest;
				PRODUCT_NAME = "$(TARGET_NAME)";
				SDKROOT = watchos;
				STRING_CATALOG_GENERATE_SYMBOLS = NO;
				SWIFT_APPROACHABLE_CONCURRENCY = YES;
				SWIFT_EMIT_LOC_STRINGS = NO;
				SWIFT_UPCOMING_FEATURE_MEMBER_IMPORT_VISIBILITY = YES;
				SWIFT_VERSION = 5.0;
				TARGETED_DEVICE_FAMILY = 4;
				TEST_TARGET_NAME = "ETOS LLM Studio Watch App Watch App";
				WATCHOS_DEPLOYMENT_TARGET = 26.0;
			};
			name = Debug;
		};
		077E14CD2E939D3500084695 /* Release */ = {
			isa = XCBuildConfiguration;
			buildSettings = {
				CODE_SIGN_STYLE = Automatic;
				CURRENT_PROJECT_VERSION = 2;
				DEVELOPMENT_TEAM = K9LDK6LF4H;
				GENERATE_INFOPLIST_FILE = YES;
				MARKETING_VERSION = 1.0;
				PRODUCT_BUNDLE_IDENTIFIER = com.etos.UITest;
				PRODUCT_NAME = "$(TARGET_NAME)";
				SDKROOT = watchos;
				STRING_CATALOG_GENERATE_SYMBOLS = NO;
				SWIFT_APPROACHABLE_CONCURRENCY = YES;
				SWIFT_EMIT_LOC_STRINGS = NO;
				SWIFT_UPCOMING_FEATURE_MEMBER_IMPORT_VISIBILITY = YES;
				SWIFT_VERSION = 5.0;
				TARGETED_DEVICE_FAMILY = 4;
				TEST_TARGET_NAME = "ETOS LLM Studio Watch App Watch App";
				VALIDATE_PRODUCT = YES;
				WATCHOS_DEPLOYMENT_TARGET = 26.0;
			};
			name = Release;
		};
		077E14DA2E939D7800084695 /* Debug */ = {
			isa = XCBuildConfiguration;
			buildSettings = {
				BUNDLE_LOADER = "$(TEST_HOST)";
				CODE_SIGN_STYLE = Automatic;
				CURRENT_PROJECT_VERSION = 2;
				DEVELOPMENT_TEAM = K9LDK6LF4H;
				GENERATE_INFOPLIST_FILE = YES;
				MARKETING_VERSION = 1.0;
				PRODUCT_BUNDLE_IDENTIFIER = com.etos.watchOSTest;
				PRODUCT_NAME = "$(TARGET_NAME)";
				SDKROOT = watchos;
				STRING_CATALOG_GENERATE_SYMBOLS = NO;
				SWIFT_APPROACHABLE_CONCURRENCY = YES;
				SWIFT_EMIT_LOC_STRINGS = NO;
				SWIFT_UPCOMING_FEATURE_MEMBER_IMPORT_VISIBILITY = YES;
				SWIFT_VERSION = 5.0;
				TARGETED_DEVICE_FAMILY = 4;
				TEST_HOST = "$(BUILT_PRODUCTS_DIR)/ETOS LLM Studio Watch App Watch App.app/$(BUNDLE_EXECUTABLE_FOLDER_PATH)/ETOS LLM Studio Watch App Watch App";
				WATCHOS_DEPLOYMENT_TARGET = 26.0;
			};
			name = Debug;
		};
		077E14DB2E939D7800084695 /* Release */ = {
			isa = XCBuildConfiguration;
			buildSettings = {
				BUNDLE_LOADER = "$(TEST_HOST)";
				CODE_SIGN_STYLE = Automatic;
				CURRENT_PROJECT_VERSION = 2;
				DEVELOPMENT_TEAM = K9LDK6LF4H;
				GENERATE_INFOPLIST_FILE = YES;
				MARKETING_VERSION = 1.0;
				PRODUCT_BUNDLE_IDENTIFIER = com.etos.watchOSTest;
				PRODUCT_NAME = "$(TARGET_NAME)";
				SDKROOT = watchos;
				STRING_CATALOG_GENERATE_SYMBOLS = NO;
				SWIFT_APPROACHABLE_CONCURRENCY = YES;
				SWIFT_EMIT_LOC_STRINGS = NO;
				SWIFT_UPCOMING_FEATURE_MEMBER_IMPORT_VISIBILITY = YES;
				SWIFT_VERSION = 5.0;
				TARGETED_DEVICE_FAMILY = 4;
				TEST_HOST = "$(BUILT_PRODUCTS_DIR)/ETOS LLM Studio Watch App Watch App.app/$(BUNDLE_EXECUTABLE_FOLDER_PATH)/ETOS LLM Studio Watch App Watch App";
				VALIDATE_PRODUCT = YES;
				WATCHOS_DEPLOYMENT_TARGET = 26.0;
			};
			name = Release;
		};
/* End XCBuildConfiguration section */

/* Begin XCConfigurationList section */
		073CA6B52E8CFD3D004516A0 /* Build configuration list for PBXProject "ETOS LLM Studio Watch App" */ = {
			isa = XCConfigurationList;
			buildConfigurations = (
				073CA6C92E8CFD3F004516A0 /* Debug */,
				073CA6CA2E8CFD3F004516A0 /* Release */,
			);
			defaultConfigurationIsVisible = 0;
			defaultConfigurationName = Release;
		};
		073CA6CB2E8CFD3F004516A0 /* Build configuration list for PBXNativeTarget "ETOS LLM Studio Watch App Watch App" */ = {
			isa = XCConfigurationList;
			buildConfigurations = (
				073CA6CC2E8CFD3F004516A0 /* Debug */,
				073CA6CD2E8CFD3F004516A0 /* Release */,
			);
			defaultConfigurationIsVisible = 0;
			defaultConfigurationName = Release;
		};
		073CA6CF2E8CFD3F004516A0 /* Build configuration list for PBXNativeTarget "ETOS LLM Studio Watch App" */ = {
			isa = XCConfigurationList;
			buildConfigurations = (
				073CA6D02E8CFD3F004516A0 /* Debug */,
				073CA6D12E8CFD3F004516A0 /* Release */,
			);
			defaultConfigurationIsVisible = 0;
			defaultConfigurationName = Release;
		};
		077E14CE2E939D3500084695 /* Build configuration list for PBXNativeTarget "UITest" */ = {
			isa = XCConfigurationList;
			buildConfigurations = (
				077E14CC2E939D3500084695 /* Debug */,
				077E14CD2E939D3500084695 /* Release */,
			);
			defaultConfigurationIsVisible = 0;
			defaultConfigurationName = Release;
		};
		077E14D92E939D7800084695 /* Build configuration list for PBXNativeTarget "watchOSTest" */ = {
			isa = XCConfigurationList;
			buildConfigurations = (
				077E14DA2E939D7800084695 /* Debug */,
				077E14DB2E939D7800084695 /* Release */,
			);
			defaultConfigurationIsVisible = 0;
			defaultConfigurationName = Release;
		};
/* End XCConfigurationList section */

/* Begin XCRemoteSwiftPackageReference section */
		077294F52E8D0FD5006EF6C2 /* XCRemoteSwiftPackageReference "swift-markdown-ui" */ = {
			isa = XCRemoteSwiftPackageReference;
			repositoryURL = "https://github.com/gonzalezreal/swift-markdown-ui";
			requirement = {
				kind = upToNextMajorVersion;
				minimumVersion = 2.4.1;
			};
		};
/* End XCRemoteSwiftPackageReference section */

/* Begin XCSwiftPackageProductDependency section */
		077294F62E8D0FD5006EF6C2 /* MarkdownUI */ = {
			isa = XCSwiftPackageProductDependency;
			package = 077294F52E8D0FD5006EF6C2 /* XCRemoteSwiftPackageReference "swift-markdown-ui" */;
			productName = MarkdownUI;
		};
/* End XCSwiftPackageProductDependency section */
	};
	rootObject = 073CA6B22E8CFD3D004516A0 /* Project object */;
}
